{
  "name": "wwdc-quick-look",
  "version": "0.1.0",
  "lockfileVersion": 3,
  "requires": true,
  "packages": {
    "": {
      "name": "wwdc-quick-look",
      "version": "0.1.0",
      "license": "MIT",
      "bin": {
        "wwdc-quick-look": "bin/wwdc-quick-look.js"
      },
      "engines": {
        "node": ">=20"
      }
    }
  }
}
